
Microsoft Visual Studio Solution File, Format Version 12.00
# Visual Studio Version 16
VisualStudioVersion = 16.0.29728.190
MinimumVisualStudioVersion = 10.0.40219.1
Project("{9A19103F-16F7-4668-BE54-9A1E7A4F7556}") = "DotnetKubernetes", "DotnetKubernetes\DotnetKubernetes.csproj", "{24B003F2-1271-48EF-ADF7-D4BD3C165E29}"
EndProject
Project("{E53339B2-1760-4266-BCC7-CA923CBCF16C}") = "docker-compose", "docker-compose.dcproj", "{C2A28E9E-C013-40FC-B31D-985C776EF031}"
EndProject
Project("{2150E333-8FDC-42A3-9474-1A3956D46DE8}") = "Solution Items", "Solution Items", "{F0F473D9-F780-414B-859A-8187B8CE6D00}"
	ProjectSection(SolutionItems) = preProject
		azure-pipelines.yml = azure-pipelines.yml
	EndProjectSection
EndProject
Global
	GlobalSection(SolutionConfigurationPlatforms) = preSolution
		Debug|Any CPU = Debug|Any CPU
		Release|Any CPU = Release|Any CPU
	EndGlobalSection
	GlobalSection(ProjectConfigurationPlatforms) = postSolution
		{24B003F2-1271-48EF-ADF7-D4BD3C165E29}.Debug|Any CPU.ActiveCfg = Debug|Any CPU
		{24B003F2-1271-48EF-ADF7-D4BD3C165E29}.Debug|Any CPU.Build.0 = Debug|Any CPU
		{24B003F2-1271-48EF-ADF7-D4BD3C165E29}.Release|Any CPU.ActiveCfg = Release|Any CPU
		{24B003F2-1271-48EF-ADF7-D4BD3C165E29}.Release|Any CPU.Build.0 = Release|Any CPU
		{C2A28E9E-C013-40FC-B31D-985C776EF031}.Debug|Any CPU.ActiveCfg = Debug|Any CPU
		{C2A28E9E-C013-40FC-B31D-985C776EF031}.Debug|Any CPU.Build.0 = Debug|Any CPU
		{C2A28E9E-C013-40FC-B31D-985C776EF031}.Release|Any CPU.ActiveCfg = Release|Any CPU
		{C2A28E9E-C013-40FC-B31D-985C776EF031}.Release|Any CPU.Build.0 = Release|Any CPU
	EndGlobalSection
	GlobalSection(SolutionProperties) = preSolution
		HideSolutionNode = FALSE
	EndGlobalSection
	GlobalSection(ExtensibilityGlobals) = postSolution
		SolutionGuid = {66D6F99C-DB90-45EB-8AC6-3E54BD6283DC}
	EndGlobalSection
EndGlobal
